// !$*UTF8*$!
{
	archiveVersion = 1;
	classes = {
	};
	objectVersion = 56;
	objects = {

/* Begin PBXBuildFile section */
		AC7370BF2A70F8C50088230A /* ShoongApp.swift in Sources */ = {isa = PBXBuildFile; fileRef = AC7370BE2A70F8C50088230A /* ShoongApp.swift */; };
		AC7370C12A70F8C50088230A /* ContentView.swift in Sources */ = {isa = PBXBuildFile; fileRef = AC7370C02A70F8C50088230A /* ContentView.swift */; };
		AC7370C32A70F8C70088230A /* Assets.xcassets in Resources */ = {isa = PBXBuildFile; fileRef = AC7370C22A70F8C70088230A /* Assets.xcassets */; };
		AC7370C62A70F8C70088230A /* Preview Assets.xcassets in Resources */ = {isa = PBXBuildFile; fileRef = AC7370C52A70F8C70088230A /* Preview Assets.xcassets */; };
/* End PBXBuildFile section */

/* Begin PBXFileReference section */
		AC7370BB2A70F8C50088230A /* Shoong.app */ = {isa = PBXFileReference; explicitFileType = wrapper.application; includeInIndex = 0; path = Shoong.app; sourceTree = BUILT_PRODUCTS_DIR; };
		AC7370BE2A70F8C50088230A /* ShoongApp.swift */ = {isa = PBXFileReference; lastKnownFileType = sourcecode.swift; path = ShoongApp.swift; sourceTree = "<group>"; };
		AC7370C02A70F8C50088230A /* ContentView.swift */ = {isa = PBXFileReference; lastKnownFileType = sourcecode.swift; path = ContentView.swift; sourceTree = "<group>"; };
		AC7370C22A70F8C70088230A /* Assets.xcassets */ = {isa = PBXFileReference; lastKnownFileType = folder.assetcatalog; path = Assets.xcassets; sourceTree = "<group>"; };
		AC7370C52A70F8C70088230A /* Preview Assets.xcassets */ = {isa = PBXFileReference; lastKnownFileType = folder.assetcatalog; path = "Preview Assets.xcassets"; sourceTree = "<group>"; };
/* End PBXFileReference section */

/* Begin PBXFrameworksBuildPhase section */
		AC7370B82A70F8C50088230A /* Frameworks */ = {
			isa = PBXFrameworksBuildPhase;
			buildActionMask = 2147483647;
			files = (
			);
			runOnlyForDeploymentPostprocessing = 0;
		};
/* End PBXFrameworksBuildPhase section */

/* Begin PBXGroup section */
		AC7370B22A70F8C50088230A = {
			isa = PBXGroup;
			children = (
				AC7370BD2A70F8C50088230A /* Shoong */,
				AC7370BC2A70F8C50088230A /* Products */,
			);
			sourceTree = "<group>";
		};
		AC7370BC2A70F8C50088230A /* Products */ = {
			isa = PBXGroup;
			children = (
				AC7370BB2A70F8C50088230A /* Shoong.app */,
			);
			name = Products;
			sourceTree = "<group>";
		};
		AC7370BD2A70F8C50088230A /* Shoong */ = {
			isa = PBXGroup;
			children = (
				AC7370D72A70FAAD0088230A /* View */,
				AC7370D62A70FAAA0088230A /* Model */,
				AC7370D52A70FAA70088230A /* ViewModel */,
				AC7370CD2A70FA530088230A /* Interaction */,
				AC7370CC2A70FA490088230A /* Extenstion+Modifier */,
				AC7370BE2A70F8C50088230A /* ShoongApp.swift */,
				AC7370C02A70F8C50088230A /* ContentView.swift */,
				AC7370C22A70F8C70088230A /* Assets.xcassets */,
				AC7370C42A70F8C70088230A /* Preview Content */,
			);
			path = Shoong;
			sourceTree = "<group>";
		};
		AC7370C42A70F8C70088230A /* Preview Content */ = {
			isa = PBXGroup;
			children = (
				AC7370C52A70F8C70088230A /* Preview Assets.xcassets */,
			);
			path = "Preview Content";
			sourceTree = "<group>";
		};
		AC7370CC2A70FA490088230A /* Extenstion+Modifier */ = {
			isa = PBXGroup;
			children = (
			);
			path = "Extenstion+Modifier";
			sourceTree = "<group>";
		};
		AC7370CD2A70FA530088230A /* Interaction */ = {
			isa = PBXGroup;
			children = (
				AC7370D32A70FA930088230A /* SlingShot */,
				AC7370D12A70FA840088230A /* Dart */,
				AC7370CE2A70FA6D0088230A /* Bowling */,
			);
			path = Interaction;
			sourceTree = "<group>";
		};
		AC7370CE2A70FA6D0088230A /* Bowling */ = {
			isa = PBXGroup;
			children = (
				AC7370CF2A70FA760088230A /* BowlingAssets */,
			);
			path = Bowling;
			sourceTree = "<group>";
		};
		AC7370CF2A70FA760088230A /* BowlingAssets */ = {
			isa = PBXGroup;
			children = (
			);
			path = BowlingAssets;
			sourceTree = "<group>";
		};
		AC7370D12A70FA840088230A /* Dart */ = {
			isa = PBXGroup;
			children = (
				AC7370D22A70FA8C0088230A /* DartAssets */,
			);
			path = Dart;
			sourceTree = "<group>";
		};
		AC7370D22A70FA8C0088230A /* DartAssets */ = {
			isa = PBXGroup;
			children = (
			);
			path = DartAssets;
			sourceTree = "<group>";
		};
		AC7370D32A70FA930088230A /* SlingShot */ = {
			isa = PBXGroup;
			children = (
				AC7370D42A70FA980088230A /* SlingShot */,
			);
			path = SlingShot;
			sourceTree = "<group>";
		};
		AC7370D42A70FA980088230A /* SlingShot */ = {
			isa = PBXGroup;
			children = (
			);
			path = SlingShot;
			sourceTree = "<group>";
		};
		AC7370D52A70FAA70088230A /* ViewModel */ = {
			isa = PBXGroup;
			children = (
			);
			path = ViewModel;
			sourceTree = "<group>";
		};
		AC7370D62A70FAAA0088230A /* Model */ = {
			isa = PBXGroup;
			children = (
			);
			path = Model;
			sourceTree = "<group>";
		};
		AC7370D72A70FAAD0088230A /* View */ = {
			isa = PBXGroup;
			children = (
			);
			path = View;
			sourceTree = "<group>";
		};
/* End PBXGroup section */

/* Begin PBXNativeTarget section */
		AC7370BA2A70F8C50088230A /* Shoong */ = {
			isa = PBXNativeTarget;
			buildConfigurationList = AC7370C92A70F8C70088230A /* Build configuration list for PBXNativeTarget "Shoong" */;
			buildPhases = (
				AC7370B72A70F8C50088230A /* Sources */,
				AC7370B82A70F8C50088230A /* Frameworks */,
				AC7370B92A70F8C50088230A /* Resources */,
			);
			buildRules = (
			);
			dependencies = (
			);
			name = Shoong;
			productName = Shoong;
			productReference = AC7370BB2A70F8C50088230A /* Shoong.app */;
			productType = "com.apple.product-type.application";
		};
/* End PBXNativeTarget section */

/* Begin PBXProject section */
		AC7370B32A70F8C50088230A /* Project object */ = {
			isa = PBXProject;
			attributes = {
				BuildIndependentTargetsInParallel = 1;
				LastSwiftUpdateCheck = 1430;
				LastUpgradeCheck = 1430;
				TargetAttributes = {
					AC7370BA2A70F8C50088230A = {
						CreatedOnToolsVersion = 14.3.1;
					};
				};
			};
			buildConfigurationList = AC7370B62A70F8C50088230A /* Build configuration list for PBXProject "Shoong" */;
			compatibilityVersion = "Xcode 14.0";
			developmentRegion = en;
			hasScannedForEncodings = 0;
			knownRegions = (
				en,
				Base,
			);
			mainGroup = AC7370B22A70F8C50088230A;
			productRefGroup = AC7370BC2A70F8C50088230A /* Products */;
			projectDirPath = "";
			projectRoot = "";
			targets = (
				AC7370BA2A70F8C50088230A /* Shoong */,
			);
		};
/* End PBXProject section */

/* Begin PBXResourcesBuildPhase section */
		AC7370B92A70F8C50088230A /* Resources */ = {
			isa = PBXResourcesBuildPhase;
			buildActionMask = 2147483647;
			files = (
				AC7370C62A70F8C70088230A /* Preview Assets.xcassets in Resources */,
				AC7370C32A70F8C70088230A /* Assets.xcassets in Resources */,
			);
			runOnlyForDeploymentPostprocessing = 0;
		};
/* End PBXResourcesBuildPhase section */

/* Begin PBXSourcesBuildPhase section */
		AC7370B72A70F8C50088230A /* Sources */ = {
			isa = PBXSourcesBuildPhase;
			buildActionMask = 2147483647;
			files = (
				AC7370C12A70F8C50088230A /* ContentView.swift in Sources */,
				AC7370BF2A70F8C50088230A /* ShoongApp.swift in Sources */,
			);
			runOnlyForDeploymentPostprocessing = 0;
		};
/* End PBXSourcesBuildPhase section */

/* Begin XCBuildConfiguration section */
		AC7370C72A70F8C70088230A /* Debug */ = {
			isa = XCBuildConfiguration;
			buildSettings = {
				ALWAYS_SEARCH_USER_PATHS = NO;
				CLANG_ANALYZER_NONNULL = YES;
				CLANG_ANALYZER_NUMBER_OBJECT_CONVERSION = YES_AGGRESSIVE;
				CLANG_CXX_LANGUAGE_STANDARD = "gnu++20";
				CLANG_ENABLE_MODULES = YES;
				CLANG_ENABLE_OBJC_ARC = YES;
				CLANG_ENABLE_OBJC_WEAK = YES;
				CLANG_WARN_BLOCK_CAPTURE_AUTORELEASING = YES;
				CLANG_WARN_BOOL_CONVERSION = YES;
				CLANG_WARN_COMMA = YES;
				CLANG_WARN_CONSTANT_CONVERSION = YES;
				CLANG_WARN_DEPRECATED_OBJC_IMPLEMENTATIONS = YES;
				CLANG_WARN_DIRECT_OBJC_ISA_USAGE = YES_ERROR;
				CLANG_WARN_DOCUMENTATION_COMMENTS = YES;
				CLANG_WARN_EMPTY_BODY = YES;
				CLANG_WARN_ENUM_CONVERSION = YES;
				CLANG_WARN_INFINITE_RECURSION = YES;
				CLANG_WARN_INT_CONVERSION = YES;
				CLANG_WARN_NON_LITERAL_NULL_CONVERSION = YES;
				CLANG_WARN_OBJC_IMPLICIT_RETAIN_SELF = YES;
				CLANG_WARN_OBJC_LITERAL_CONVERSION = YES;
				CLANG_WARN_OBJC_ROOT_CLASS = YES_ERROR;
				CLANG_WARN_QUOTED_INCLUDE_IN_FRAMEWORK_HEADER = YES;
				CLANG_WARN_RANGE_LOOP_ANALYSIS = YES;
				CLANG_WARN_STRICT_PROTOTYPES = YES;
				CLANG_WARN_SUSPICIOUS_MOVE = YES;
				CLANG_WARN_UNGUARDED_AVAILABILITY = YES_AGGRESSIVE;
				CLANG_WARN_UNREACHABLE_CODE = YES;
				CLANG_WARN__DUPLICATE_METHOD_MATCH = YES;
				COPY_PHASE_STRIP = NO;
				DEBUG_INFORMATION_FORMAT = dwarf;
				ENABLE_STRICT_OBJC_MSGSEND = YES;
				ENABLE_TESTABILITY = YES;
				GCC_C_LANGUAGE_STANDARD = gnu11;
				GCC_DYNAMIC_NO_PIC = NO;
				GCC_NO_COMMON_BLOCKS = YES;
				GCC_OPTIMIZATION_LEVEL = 0;
				GCC_PREPROCESSOR_DEFINITIONS = (
					"DEBUG=1",
					"$(inherited)",
				);
				GCC_WARN_64_TO_32_BIT_CONVERSION = YES;
				GCC_WARN_ABOUT_RETURN_TYPE = YES_ERROR;
				GCC_WARN_UNDECLARED_SELECTOR = YES;
				GCC_WARN_UNINITIALIZED_AUTOS = YES_AGGRESSIVE;
				GCC_WARN_UNUSED_FUNCTION = YES;
				GCC_WARN_UNUSED_VARIABLE = YES;
				IPHONEOS_DEPLOYMENT_TARGET = 16.4;
				MTL_ENABLE_DEBUG_INFO = INCLUDE_SOURCE;
				MTL_FAST_MATH = YES;
				ONLY_ACTIVE_ARCH = YES;
				SDKROOT = iphoneos;
				SWIFT_ACTIVE_COMPILATION_CONDITIONS = DEBUG;
				SWIFT_OPTIMIZATION_LEVEL = "-Onone";
			};
			name = Debug;
		};
		AC7370C82A70F8C70088230A /* Release */ = {
			isa = XCBuildConfiguration;
			buildSettings = {
				ALWAYS_SEARCH_USER_PATHS = NO;
				CLANG_ANALYZER_NONNULL = YES;
				CLANG_ANALYZER_NUMBER_OBJECT_CONVERSION = YES_AGGRESSIVE;
				CLANG_CXX_LANGUAGE_STANDARD = "gnu++20";
				CLANG_ENABLE_MODULES = YES;
				CLANG_ENABLE_OBJC_ARC = YES;
				CLANG_ENABLE_OBJC_WEAK = YES;
				CLANG_WARN_BLOCK_CAPTURE_AUTORELEASING = YES;
				CLANG_WARN_BOOL_CONVERSION = YES;
				CLANG_WARN_COMMA = YES;
				CLANG_WARN_CONSTANT_CONVERSION = YES;
				CLANG_WARN_DEPRECATED_OBJC_IMPLEMENTATIONS = YES;
				CLANG_WARN_DIRECT_OBJC_ISA_USAGE = YES_ERROR;
				CLANG_WARN_DOCUMENTATION_COMMENTS = YES;
				CLANG_WARN_EMPTY_BODY = YES;
				CLANG_WARN_ENUM_CONVERSION = YES;
				CLANG_WARN_INFINITE_RECURSION = YES;
				CLANG_WARN_INT_CONVERSION = YES;
				CLANG_WARN_NON_LITERAL_NULL_CONVERSION = YES;
				CLANG_WARN_OBJC_IMPLICIT_RETAIN_SELF = YES;
				CLANG_WARN_OBJC_LITERAL_CONVERSION = YES;
				CLANG_WARN_OBJC_ROOT_CLASS = YES_ERROR;
				CLANG_WARN_QUOTED_INCLUDE_IN_FRAMEWORK_HEADER = YES;
				CLANG_WARN_RANGE_LOOP_ANALYSIS = YES;
				CLANG_WARN_STRICT_PROTOTYPES = YES;
				CLANG_WARN_SUSPICIOUS_MOVE = YES;
				CLANG_WARN_UNGUARDED_AVAILABILITY = YES_AGGRESSIVE;
				CLANG_WARN_UNREACHABLE_CODE = YES;
				CLANG_WARN__DUPLICATE_METHOD_MATCH = YES;
				COPY_PHASE_STRIP = NO;
				DEBUG_INFORMATION_FORMAT = "dwarf-with-dsym";
				ENABLE_NS_ASSERTIONS = NO;
				ENABLE_STRICT_OBJC_MSGSEND = YES;
				GCC_C_LANGUAGE_STANDARD = gnu11;
				GCC_NO_COMMON_BLOCKS = YES;
				GCC_WARN_64_TO_32_BIT_CONVERSION = YES;
				GCC_WARN_ABOUT_RETURN_TYPE = YES_ERROR;
				GCC_WARN_UNDECLARED_SELECTOR = YES;
				GCC_WARN_UNINITIALIZED_AUTOS = YES_AGGRESSIVE;
				GCC_WARN_UNUSED_FUNCTION = YES;
				GCC_WARN_UNUSED_VARIABLE = YES;
				IPHONEOS_DEPLOYMENT_TARGET = 16.4;
				MTL_ENABLE_DEBUG_INFO = NO;
				MTL_FAST_MATH = YES;
				SDKROOT = iphoneos;
				SWIFT_COMPILATION_MODE = wholemodule;
				SWIFT_OPTIMIZATION_LEVEL = "-O";
				VALIDATE_PRODUCT = YES;
			};
			name = Release;
		};
		AC7370CA2A70F8C70088230A /* Debug */ = {
			isa = XCBuildConfiguration;
			buildSettings = {
				ASSETCATALOG_COMPILER_APPICON_NAME = AppIcon;
				ASSETCATALOG_COMPILER_GLOBAL_ACCENT_COLOR_NAME = AccentColor;
				CODE_SIGN_STYLE = Automatic;
				CURRENT_PROJECT_VERSION = 1;
				DEVELOPMENT_ASSET_PATHS = "\"Shoong/Preview Content\"";
				DEVELOPMENT_TEAM = Q83JD2ZC9T;
				ENABLE_PREVIEWS = YES;
				GENERATE_INFOPLIST_FILE = YES;
				INFOPLIST_KEY_UIApplicationSceneManifest_Generation = YES;
				INFOPLIST_KEY_UIApplicationSupportsIndirectInputEvents = YES;
				INFOPLIST_KEY_UILaunchScreen_Generation = YES;
				INFOPLIST_KEY_UISupportedInterfaceOrientations_iPad = "UIInterfaceOrientationPortrait UIInterfaceOrientationPortraitUpsideDown UIInterfaceOrientationLandscapeLeft UIInterfaceOrientationLandscapeRight";
				INFOPLIST_KEY_UISupportedInterfaceOrientations_iPhone = "UIInterfaceOrientationPortrait UIInterfaceOrientationLandscapeLeft UIInterfaceOrientationLandscapeRight";
				LD_RUNPATH_SEARCH_PATHS = (
					"$(inherited)",
					"@executable_path/Frameworks",
				);
				MARKETING_VERSION = 1.0;
				PRODUCT_BUNDLE_IDENTIFIER = com.KyungsupGo.Shoong;
				PRODUCT_NAME = "$(TARGET_NAME)";
				SWIFT_EMIT_LOC_STRINGS = YES;
				SWIFT_VERSION = 5.0;
				TARGETED_DEVICE_FAMILY = "1,2";
			};
			name = Debug;
		};
		AC7370CB2A70F8C70088230A /* Release */ = {
			isa = XCBuildConfiguration;
			buildSettings = {
				ASSETCATALOG_COMPILER_APPICON_NAME = AppIcon;
				ASSETCATALOG_COMPILER_GLOBAL_ACCENT_COLOR_NAME = AccentColor;
				CODE_SIGN_STYLE = Automatic;
				CURRENT_PROJECT_VERSION = 1;
				DEVELOPMENT_ASSET_PATHS = "\"Shoong/Preview Content\"";
				DEVELOPMENT_TEAM = Q83JD2ZC9T;
				ENABLE_PREVIEWS = YES;
				GENERATE_INFOPLIST_FILE = YES;
				INFOPLIST_KEY_UIApplicationSceneManifest_Generation = YES;
				INFOPLIST_KEY_UIApplicationSupportsIndirectInputEvents = YES;
				INFOPLIST_KEY_UILaunchScreen_Generation = YES;
				INFOPLIST_KEY_UISupportedInterfaceOrientations_iPad = "UIInterfaceOrientationPortrait UIInterfaceOrientationPortraitUpsideDown UIInterfaceOrientationLandscapeLeft UIInterfaceOrientationLandscapeRight";
				INFOPLIST_KEY_UISupportedInterfaceOrientations_iPhone = "UIInterfaceOrientationPortrait UIInterfaceOrientationLandscapeLeft UIInterfaceOrientationLandscapeRight";
				LD_RUNPATH_SEARCH_PATHS = (
					"$(inherited)",
					"@executable_path/Frameworks",
				);
				MARKETING_VERSION = 1.0;
				PRODUCT_BUNDLE_IDENTIFIER = com.KyungsupGo.Shoong;
				PRODUCT_NAME = "$(TARGET_NAME)";
				SWIFT_EMIT_LOC_STRINGS = YES;
				SWIFT_VERSION = 5.0;
				TARGETED_DEVICE_FAMILY = "1,2";
			};
			name = Release;
		};
/* End XCBuildConfiguration section */

/* Begin XCConfigurationList section */
		AC7370B62A70F8C50088230A /* Build configuration list for PBXProject "Shoong" */ = {
			isa = XCConfigurationList;
			buildConfigurations = (
				AC7370C72A70F8C70088230A /* Debug */,
				AC7370C82A70F8C70088230A /* Release */,
			);
			defaultConfigurationIsVisible = 0;
			defaultConfigurationName = Release;
		};
		AC7370C92A70F8C70088230A /* Build configuration list for PBXNativeTarget "Shoong" */ = {
			isa = XCConfigurationList;
			buildConfigurations = (
				AC7370CA2A70F8C70088230A /* Debug */,
				AC7370CB2A70F8C70088230A /* Release */,
			);
			defaultConfigurationIsVisible = 0;
			defaultConfigurationName = Release;
		};
/* End XCConfigurationList section */
	};
	rootObject = AC7370B32A70F8C50088230A /* Project object */;
}
