// !$*UTF8*$!
{
	archiveVersion = 1;
	classes = {
	};
	objectVersion = 56;
	objects = {

/* Begin PBXBuildFile section */
		1AA311962A77AACD00F7FF75 /* sagicser.png in Resources */ = {isa = PBXBuildFile; fileRef = 1AA311952A77AACD00F7FF75 /* sagicser.png */; };
		1AA311982A77AAED00F7FF75 /* basicInteractionSound.mp3 in Resources */ = {isa = PBXBuildFile; fileRef = 1AA311972A77AAED00F7FF75 /* basicInteractionSound.mp3 */; };
		1AF1619F2A739E3C00923F2F /* TemplateModel.swift in Sources */ = {isa = PBXBuildFile; fileRef = 1AF1619E2A739E3C00923F2F /* TemplateModel.swift */; };
		1AF161A12A739EB900923F2F /* Extension+Font.swift in Sources */ = {isa = PBXBuildFile; fileRef = 1AF161A02A739EB900923F2F /* Extension+Font.swift */; };
		1AF161A72A73A16B00923F2F /* InteractionCardView.swift in Sources */ = {isa = PBXBuildFile; fileRef = 1AF161A62A73A16B00923F2F /* InteractionCardView.swift */; };
		1AF161AA2A73A17D00923F2F /* InteractionSelectView.swift in Sources */ = {isa = PBXBuildFile; fileRef = 1AF161A92A73A17D00923F2F /* InteractionSelectView.swift */; };
		1AF161AC2A73A1C000923F2F /* ToggleStyle.swift in Sources */ = {isa = PBXBuildFile; fileRef = 1AF161AB2A73A1C000923F2F /* ToggleStyle.swift */; };
		1AF161B02A73A5B200923F2F /* SelectedTemplateView.swift in Sources */ = {isa = PBXBuildFile; fileRef = 1AF161AF2A73A5B200923F2F /* SelectedTemplateView.swift */; };
		1AF161B22A73A5CB00923F2F /* TemplatesEditorView.swift in Sources */ = {isa = PBXBuildFile; fileRef = 1AF161B12A73A5CB00923F2F /* TemplatesEditorView.swift */; };
		1AF161B42A73A62400923F2F /* TextColorPickerView.swift in Sources */ = {isa = PBXBuildFile; fileRef = 1AF161B32A73A62400923F2F /* TextColorPickerView.swift */; };
		1AF161B62A73A64F00923F2F /* TextDragGestureView.swift in Sources */ = {isa = PBXBuildFile; fileRef = 1AF161B52A73A64F00923F2F /* TextDragGestureView.swift */; };
		1AF161B82A73A67E00923F2F /* TextEditorView.swift in Sources */ = {isa = PBXBuildFile; fileRef = 1AF161B72A73A67E00923F2F /* TextEditorView.swift */; };
		1AF161BB2A73A85300923F2F /* TemplateCrumpleScriptView.swift in Sources */ = {isa = PBXBuildFile; fileRef = 1AF161BA2A73A85300923F2F /* TemplateCrumpleScriptView.swift */; };
		1AF161BD2A73A86700923F2F /* TemplateCrumpleView1.swift in Sources */ = {isa = PBXBuildFile; fileRef = 1AF161BC2A73A86700923F2F /* TemplateCrumpleView1.swift */; };
		1AF161BF2A73A86E00923F2F /* TemplateCrumpleView2.swift in Sources */ = {isa = PBXBuildFile; fileRef = 1AF161BE2A73A86E00923F2F /* TemplateCrumpleView2.swift */; };
		1AF161C12A73A87500923F2F /* TemplateCrumpleView3.swift in Sources */ = {isa = PBXBuildFile; fileRef = 1AF161C02A73A87500923F2F /* TemplateCrumpleView3.swift */; };
		1AF161C32A73A88200923F2F /* TemplateCrumpleView4.swift in Sources */ = {isa = PBXBuildFile; fileRef = 1AF161C22A73A88200923F2F /* TemplateCrumpleView4.swift */; };
		ACB0611C2A72386300D31CCF /* ShoongApp.swift in Sources */ = {isa = PBXBuildFile; fileRef = ACB0611B2A72386300D31CCF /* ShoongApp.swift */; };
		ACB0611E2A72386300D31CCF /* ContentView.swift in Sources */ = {isa = PBXBuildFile; fileRef = ACB0611D2A72386300D31CCF /* ContentView.swift */; };
		ACB061202A72386400D31CCF /* Assets.xcassets in Resources */ = {isa = PBXBuildFile; fileRef = ACB0611F2A72386400D31CCF /* Assets.xcassets */; };
		ACB061232A72386400D31CCF /* Preview Assets.xcassets in Resources */ = {isa = PBXBuildFile; fileRef = ACB061222A72386400D31CCF /* Preview Assets.xcassets */; };
		ACB061372A72392200D31CCF /* MainView.swift in Sources */ = {isa = PBXBuildFile; fileRef = ACB061362A72392200D31CCF /* MainView.swift */; };
		ACB061392A723B5100D31CCF /* TextBoxModel.swift in Sources */ = {isa = PBXBuildFile; fileRef = ACB061382A723B5100D31CCF /* TextBoxModel.swift */; };
		ACB0613D2A723BF300D31CCF /* TemplatesEditorViewModel.swift in Sources */ = {isa = PBXBuildFile; fileRef = ACB0613C2A723BF300D31CCF /* TemplatesEditorViewModel.swift */; };
		ACB0613F2A723C1200D31CCF /* DartView.swift in Sources */ = {isa = PBXBuildFile; fileRef = ACB0613E2A723C1200D31CCF /* DartView.swift */; };
		ACB061412A723C1E00D31CCF /* SlingShotView.swift in Sources */ = {isa = PBXBuildFile; fileRef = ACB061402A723C1E00D31CCF /* SlingShotView.swift */; };
		ACB061432A723C2A00D31CCF /* BowlingView.swift in Sources */ = {isa = PBXBuildFile; fileRef = ACB061422A723C2A00D31CCF /* BowlingView.swift */; };
		ACB061452A723C3500D31CCF /* BasicInteractionView.swift in Sources */ = {isa = PBXBuildFile; fileRef = ACB061442A723C3500D31CCF /* BasicInteractionView.swift */; };
		ACB061492A723C4900D31CCF /* DirTestView5.swift in Sources */ = {isa = PBXBuildFile; fileRef = ACB061482A723C4900D31CCF /* DirTestView5.swift */; };
		ACB0614B2A723C5000D31CCF /* DirTestView6.swift in Sources */ = {isa = PBXBuildFile; fileRef = ACB0614A2A723C5000D31CCF /* DirTestView6.swift */; };
		ACB0614D2A723C6D00D31CCF /* Extension+Color.swift in Sources */ = {isa = PBXBuildFile; fileRef = ACB0614C2A723C6D00D31CCF /* Extension+Color.swift */; };
/* End PBXBuildFile section */

/* Begin PBXFileReference section */
		1AA311952A77AACD00F7FF75 /* sagicser.png */ = {isa = PBXFileReference; lastKnownFileType = image.png; path = sagicser.png; sourceTree = "<group>"; };
		1AA311972A77AAED00F7FF75 /* basicInteractionSound.mp3 */ = {isa = PBXFileReference; lastKnownFileType = audio.mp3; path = basicInteractionSound.mp3; sourceTree = "<group>"; };
		1AF1619E2A739E3C00923F2F /* TemplateModel.swift */ = {isa = PBXFileReference; lastKnownFileType = sourcecode.swift; path = TemplateModel.swift; sourceTree = "<group>"; };
		1AF161A02A739EB900923F2F /* Extension+Font.swift */ = {isa = PBXFileReference; lastKnownFileType = sourcecode.swift; path = "Extension+Font.swift"; sourceTree = "<group>"; };
		1AF161A42A739F5600923F2F /* SF-Pro.ttf */ = {isa = PBXFileReference; lastKnownFileType = file; path = "SF-Pro.ttf"; sourceTree = "<group>"; };
		1AF161A62A73A16B00923F2F /* InteractionCardView.swift */ = {isa = PBXFileReference; lastKnownFileType = sourcecode.swift; path = InteractionCardView.swift; sourceTree = "<group>"; };
		1AF161A92A73A17D00923F2F /* InteractionSelectView.swift */ = {isa = PBXFileReference; lastKnownFileType = sourcecode.swift; path = InteractionSelectView.swift; sourceTree = "<group>"; };
		1AF161AB2A73A1C000923F2F /* ToggleStyle.swift */ = {isa = PBXFileReference; lastKnownFileType = sourcecode.swift; path = ToggleStyle.swift; sourceTree = "<group>"; };
		1AF161AD2A73A26B00923F2F /* Info.plist */ = {isa = PBXFileReference; lastKnownFileType = text.plist; path = Info.plist; sourceTree = "<group>"; };
		1AF161AF2A73A5B200923F2F /* SelectedTemplateView.swift */ = {isa = PBXFileReference; lastKnownFileType = sourcecode.swift; path = SelectedTemplateView.swift; sourceTree = "<group>"; };
		1AF161B12A73A5CB00923F2F /* TemplatesEditorView.swift */ = {isa = PBXFileReference; lastKnownFileType = sourcecode.swift; path = TemplatesEditorView.swift; sourceTree = "<group>"; };
		1AF161B32A73A62400923F2F /* TextColorPickerView.swift */ = {isa = PBXFileReference; lastKnownFileType = sourcecode.swift; path = TextColorPickerView.swift; sourceTree = "<group>"; };
		1AF161B52A73A64F00923F2F /* TextDragGestureView.swift */ = {isa = PBXFileReference; lastKnownFileType = sourcecode.swift; path = TextDragGestureView.swift; sourceTree = "<group>"; };
		1AF161B72A73A67E00923F2F /* TextEditorView.swift */ = {isa = PBXFileReference; lastKnownFileType = sourcecode.swift; path = TextEditorView.swift; sourceTree = "<group>"; };
		1AF161BA2A73A85300923F2F /* TemplateCrumpleScriptView.swift */ = {isa = PBXFileReference; lastKnownFileType = sourcecode.swift; path = TemplateCrumpleScriptView.swift; sourceTree = "<group>"; };
		1AF161BC2A73A86700923F2F /* TemplateCrumpleView1.swift */ = {isa = PBXFileReference; lastKnownFileType = sourcecode.swift; path = TemplateCrumpleView1.swift; sourceTree = "<group>"; };
		1AF161BE2A73A86E00923F2F /* TemplateCrumpleView2.swift */ = {isa = PBXFileReference; lastKnownFileType = sourcecode.swift; path = TemplateCrumpleView2.swift; sourceTree = "<group>"; };
		1AF161C02A73A87500923F2F /* TemplateCrumpleView3.swift */ = {isa = PBXFileReference; lastKnownFileType = sourcecode.swift; path = TemplateCrumpleView3.swift; sourceTree = "<group>"; };
		1AF161C22A73A88200923F2F /* TemplateCrumpleView4.swift */ = {isa = PBXFileReference; lastKnownFileType = sourcecode.swift; path = TemplateCrumpleView4.swift; sourceTree = "<group>"; };
		ACB061182A72386300D31CCF /* Shoong.app */ = {isa = PBXFileReference; explicitFileType = wrapper.application; includeInIndex = 0; path = Shoong.app; sourceTree = BUILT_PRODUCTS_DIR; };
		ACB0611B2A72386300D31CCF /* ShoongApp.swift */ = {isa = PBXFileReference; lastKnownFileType = sourcecode.swift; path = ShoongApp.swift; sourceTree = "<group>"; };
		ACB0611D2A72386300D31CCF /* ContentView.swift */ = {isa = PBXFileReference; lastKnownFileType = sourcecode.swift; path = ContentView.swift; sourceTree = "<group>"; };
		ACB0611F2A72386400D31CCF /* Assets.xcassets */ = {isa = PBXFileReference; lastKnownFileType = folder.assetcatalog; path = Assets.xcassets; sourceTree = "<group>"; };
		ACB061222A72386400D31CCF /* Preview Assets.xcassets */ = {isa = PBXFileReference; lastKnownFileType = folder.assetcatalog; path = "Preview Assets.xcassets"; sourceTree = "<group>"; };
		ACB061362A72392200D31CCF /* MainView.swift */ = {isa = PBXFileReference; lastKnownFileType = sourcecode.swift; path = MainView.swift; sourceTree = "<group>"; };
		ACB061382A723B5100D31CCF /* TextBoxModel.swift */ = {isa = PBXFileReference; lastKnownFileType = sourcecode.swift; path = TextBoxModel.swift; sourceTree = "<group>"; };
		ACB0613C2A723BF300D31CCF /* TemplatesEditorViewModel.swift */ = {isa = PBXFileReference; lastKnownFileType = sourcecode.swift; path = TemplatesEditorViewModel.swift; sourceTree = "<group>"; };
		ACB0613E2A723C1200D31CCF /* DartView.swift */ = {isa = PBXFileReference; lastKnownFileType = sourcecode.swift; path = DartView.swift; sourceTree = "<group>"; };
		ACB061402A723C1E00D31CCF /* SlingShotView.swift */ = {isa = PBXFileReference; lastKnownFileType = sourcecode.swift; path = SlingShotView.swift; sourceTree = "<group>"; };
		ACB061422A723C2A00D31CCF /* BowlingView.swift */ = {isa = PBXFileReference; lastKnownFileType = sourcecode.swift; path = BowlingView.swift; sourceTree = "<group>"; };
		ACB061442A723C3500D31CCF /* BasicInteractionView.swift */ = {isa = PBXFileReference; lastKnownFileType = sourcecode.swift; path = BasicInteractionView.swift; sourceTree = "<group>"; };
		ACB061482A723C4900D31CCF /* DirTestView5.swift */ = {isa = PBXFileReference; lastKnownFileType = sourcecode.swift; path = DirTestView5.swift; sourceTree = "<group>"; };
		ACB0614A2A723C5000D31CCF /* DirTestView6.swift */ = {isa = PBXFileReference; lastKnownFileType = sourcecode.swift; path = DirTestView6.swift; sourceTree = "<group>"; };
		ACB0614C2A723C6D00D31CCF /* Extension+Color.swift */ = {isa = PBXFileReference; lastKnownFileType = sourcecode.swift; path = "Extension+Color.swift"; sourceTree = "<group>"; };
/* End PBXFileReference section */

/* Begin PBXFrameworksBuildPhase section */
		ACB061152A72386300D31CCF /* Frameworks */ = {
			isa = PBXFrameworksBuildPhase;
			buildActionMask = 2147483647;
			files = (
			);
			runOnlyForDeploymentPostprocessing = 0;
		};
/* End PBXFrameworksBuildPhase section */

/* Begin PBXGroup section */
		1AA311942A77A96300F7FF75 /* BasicAssets */ = {
			isa = PBXGroup;
			children = (
				1AA311972A77AAED00F7FF75 /* basicInteractionSound.mp3 */,
				1AA311952A77AACD00F7FF75 /* sagicser.png */,
			);
			path = BasicAssets;
			sourceTree = "<group>";
		};
		1AF161A22A739EEA00923F2F /* Fonts */ = {
			isa = PBXGroup;
			children = (
				1AF161A42A739F5600923F2F /* SF-Pro.ttf */,
			);
			path = Fonts;
			sourceTree = "<group>";
		};
		1AF161A52A73A15500923F2F /* InteractionView */ = {
			isa = PBXGroup;
			children = (
				1AF161A62A73A16B00923F2F /* InteractionCardView.swift */,
				1AF161A92A73A17D00923F2F /* InteractionSelectView.swift */,
			);
			path = InteractionView;
			sourceTree = "<group>";
		};
		1AF161AE2A73A59600923F2F /* TemplateEditorView */ = {
			isa = PBXGroup;
			children = (
				1AF161AF2A73A5B200923F2F /* SelectedTemplateView.swift */,
				1AF161B12A73A5CB00923F2F /* TemplatesEditorView.swift */,
				1AF161B32A73A62400923F2F /* TextColorPickerView.swift */,
				1AF161B52A73A64F00923F2F /* TextDragGestureView.swift */,
				1AF161B72A73A67E00923F2F /* TextEditorView.swift */,
			);
			path = TemplateEditorView;
			sourceTree = "<group>";
		};
		1AF161B92A73A83D00923F2F /* TemplateCrumpleView */ = {
			isa = PBXGroup;
			children = (
				1AF161BA2A73A85300923F2F /* TemplateCrumpleScriptView.swift */,
				1AF161BC2A73A86700923F2F /* TemplateCrumpleView1.swift */,
				1AF161BE2A73A86E00923F2F /* TemplateCrumpleView2.swift */,
				1AF161C02A73A87500923F2F /* TemplateCrumpleView3.swift */,
				1AF161C22A73A88200923F2F /* TemplateCrumpleView4.swift */,
			);
			path = TemplateCrumpleView;
			sourceTree = "<group>";
		};
		ACB0610F2A72386300D31CCF = {
			isa = PBXGroup;
			children = (
				ACB0611A2A72386300D31CCF /* Shoong */,
				ACB061192A72386300D31CCF /* Products */,
			);
			sourceTree = "<group>";
		};
		ACB061192A72386300D31CCF /* Products */ = {
			isa = PBXGroup;
			children = (
				ACB061182A72386300D31CCF /* Shoong.app */,
			);
			name = Products;
			sourceTree = "<group>";
		};
		ACB0611A2A72386300D31CCF /* Shoong */ = {
			isa = PBXGroup;
			children = (
				1AF161AD2A73A26B00923F2F /* Info.plist */,
				ACB061352A7238E300D31CCF /* Extension+Modifier */,
				ACB0612C2A72389100D31CCF /* Interaction */,
				ACB061292A72387200D31CCF /* View */,
				ACB0612B2A72388800D31CCF /* Model */,
				ACB0612A2A72387B00D31CCF /* ViewModel */,
				ACB0611B2A72386300D31CCF /* ShoongApp.swift */,
				ACB0611D2A72386300D31CCF /* ContentView.swift */,
				ACB0611F2A72386400D31CCF /* Assets.xcassets */,
				ACB061212A72386400D31CCF /* Preview Content */,
			);
			path = Shoong;
			sourceTree = "<group>";
		};
		ACB061212A72386400D31CCF /* Preview Content */ = {
			isa = PBXGroup;
			children = (
				ACB061222A72386400D31CCF /* Preview Assets.xcassets */,
			);
			path = "Preview Content";
			sourceTree = "<group>";
		};
		ACB061292A72387200D31CCF /* View */ = {
			isa = PBXGroup;
			children = (
				1AF161B92A73A83D00923F2F /* TemplateCrumpleView */,
				1AF161AE2A73A59600923F2F /* TemplateEditorView */,
				1AF161A52A73A15500923F2F /* InteractionView */,
				ACB061362A72392200D31CCF /* MainView.swift */,
			);
			path = View;
			sourceTree = "<group>";
		};
		ACB0612A2A72387B00D31CCF /* ViewModel */ = {
			isa = PBXGroup;
			children = (
				ACB0613C2A723BF300D31CCF /* TemplatesEditorViewModel.swift */,
			);
			path = ViewModel;
			sourceTree = "<group>";
		};
		ACB0612B2A72388800D31CCF /* Model */ = {
			isa = PBXGroup;
			children = (
				ACB061382A723B5100D31CCF /* TextBoxModel.swift */,
				1AF1619E2A739E3C00923F2F /* TemplateModel.swift */,
				1AF161A22A739EEA00923F2F /* Fonts */,
			);
			path = Model;
			sourceTree = "<group>";
		};
		ACB0612C2A72389100D31CCF /* Interaction */ = {
			isa = PBXGroup;
			children = (
				ACB061332A7238D000D31CCF /* Basic */,
				ACB061312A7238BC00D31CCF /* Bowling */,
				ACB0612F2A7238AC00D31CCF /* SlingShot */,
				ACB0612D2A72389E00D31CCF /* Dart */,
			);
			path = Interaction;
			sourceTree = "<group>";
		};
		ACB0612D2A72389E00D31CCF /* Dart */ = {
			isa = PBXGroup;
			children = (
				ACB0613E2A723C1200D31CCF /* DartView.swift */,
			);
			path = Dart;
			sourceTree = "<group>";
		};
		ACB0612F2A7238AC00D31CCF /* SlingShot */ = {
			isa = PBXGroup;
			children = (
				ACB061402A723C1E00D31CCF /* SlingShotView.swift */,
				ACB061302A7238B400D31CCF /* SlingShotAssets */,
			);
			path = SlingShot;
			sourceTree = "<group>";
		};
		ACB061302A7238B400D31CCF /* SlingShotAssets */ = {
			isa = PBXGroup;
			children = (
				ACB0614A2A723C5000D31CCF /* DirTestView6.swift */,
			);
			path = SlingShotAssets;
			sourceTree = "<group>";
		};
		ACB061312A7238BC00D31CCF /* Bowling */ = {
			isa = PBXGroup;
			children = (
				ACB061422A723C2A00D31CCF /* BowlingView.swift */,
				ACB061322A7238C400D31CCF /* BowlingAseets */,
			);
			path = Bowling;
			sourceTree = "<group>";
		};
		ACB061322A7238C400D31CCF /* BowlingAseets */ = {
			isa = PBXGroup;
			children = (
				ACB061482A723C4900D31CCF /* DirTestView5.swift */,
			);
			path = BowlingAseets;
			sourceTree = "<group>";
		};
		ACB061332A7238D000D31CCF /* Basic */ = {
			isa = PBXGroup;
			children = (
				1AA311942A77A96300F7FF75 /* BasicAssets */,
				ACB061442A723C3500D31CCF /* BasicInteractionView.swift */,
			);
			path = Basic;
			sourceTree = "<group>";
		};
		ACB061352A7238E300D31CCF /* Extension+Modifier */ = {
			isa = PBXGroup;
			children = (
				ACB0614C2A723C6D00D31CCF /* Extension+Color.swift */,
				1AF161A02A739EB900923F2F /* Extension+Font.swift */,
				1AF161AB2A73A1C000923F2F /* ToggleStyle.swift */,
			);
			path = "Extension+Modifier";
			sourceTree = "<group>";
		};
/* End PBXGroup section */

/* Begin PBXNativeTarget section */
		ACB061172A72386300D31CCF /* Shoong */ = {
			isa = PBXNativeTarget;
			buildConfigurationList = ACB061262A72386400D31CCF /* Build configuration list for PBXNativeTarget "Shoong" */;
			buildPhases = (
				ACB061142A72386300D31CCF /* Sources */,
				ACB061152A72386300D31CCF /* Frameworks */,
				ACB061162A72386300D31CCF /* Resources */,
			);
			buildRules = (
			);
			dependencies = (
			);
			name = Shoong;
			productName = Shoong;
			productReference = ACB061182A72386300D31CCF /* Shoong.app */;
			productType = "com.apple.product-type.application";
		};
/* End PBXNativeTarget section */

/* Begin PBXProject section */
		ACB061102A72386300D31CCF /* Project object */ = {
			isa = PBXProject;
			attributes = {
				BuildIndependentTargetsInParallel = 1;
				LastSwiftUpdateCheck = 1430;
				LastUpgradeCheck = 1430;
				TargetAttributes = {
					ACB061172A72386300D31CCF = {
						CreatedOnToolsVersion = 14.3.1;
					};
				};
			};
			buildConfigurationList = ACB061132A72386300D31CCF /* Build configuration list for PBXProject "Shoong" */;
			compatibilityVersion = "Xcode 14.0";
			developmentRegion = en;
			hasScannedForEncodings = 0;
			knownRegions = (
				en,
				Base,
			);
			mainGroup = ACB0610F2A72386300D31CCF;
			productRefGroup = ACB061192A72386300D31CCF /* Products */;
			projectDirPath = "";
			projectRoot = "";
			targets = (
				ACB061172A72386300D31CCF /* Shoong */,
			);
		};
/* End PBXProject section */

/* Begin PBXResourcesBuildPhase section */
		ACB061162A72386300D31CCF /* Resources */ = {
			isa = PBXResourcesBuildPhase;
			buildActionMask = 2147483647;
			files = (
				1AA311962A77AACD00F7FF75 /* sagicser.png in Resources */,
				ACB061232A72386400D31CCF /* Preview Assets.xcassets in Resources */,
				1AA311982A77AAED00F7FF75 /* basicInteractionSound.mp3 in Resources */,
				ACB061202A72386400D31CCF /* Assets.xcassets in Resources */,
			);
			runOnlyForDeploymentPostprocessing = 0;
		};
/* End PBXResourcesBuildPhase section */

/* Begin PBXSourcesBuildPhase section */
		ACB061142A72386300D31CCF /* Sources */ = {
			isa = PBXSourcesBuildPhase;
			buildActionMask = 2147483647;
			files = (
				1AF1619F2A739E3C00923F2F /* TemplateModel.swift in Sources */,
				1AF161B22A73A5CB00923F2F /* TemplatesEditorView.swift in Sources */,
				1AF161B42A73A62400923F2F /* TextColorPickerView.swift in Sources */,
				ACB061492A723C4900D31CCF /* DirTestView5.swift in Sources */,
				1AF161C12A73A87500923F2F /* TemplateCrumpleView3.swift in Sources */,
				ACB0613D2A723BF300D31CCF /* TemplatesEditorViewModel.swift in Sources */,
				ACB0613F2A723C1200D31CCF /* DartView.swift in Sources */,
				1AF161BD2A73A86700923F2F /* TemplateCrumpleView1.swift in Sources */,
				1AF161AA2A73A17D00923F2F /* InteractionSelectView.swift in Sources */,
				1AF161B62A73A64F00923F2F /* TextDragGestureView.swift in Sources */,
				ACB061432A723C2A00D31CCF /* BowlingView.swift in Sources */,
				ACB0614D2A723C6D00D31CCF /* Extension+Color.swift in Sources */,
				1AF161AC2A73A1C000923F2F /* ToggleStyle.swift in Sources */,
				ACB061392A723B5100D31CCF /* TextBoxModel.swift in Sources */,
				ACB0614B2A723C5000D31CCF /* DirTestView6.swift in Sources */,
				1AF161B02A73A5B200923F2F /* SelectedTemplateView.swift in Sources */,
				1AF161BB2A73A85300923F2F /* TemplateCrumpleScriptView.swift in Sources */,
				ACB061412A723C1E00D31CCF /* SlingShotView.swift in Sources */,
				1AF161A72A73A16B00923F2F /* InteractionCardView.swift in Sources */,
				1AF161B82A73A67E00923F2F /* TextEditorView.swift in Sources */,
				1AF161C32A73A88200923F2F /* TemplateCrumpleView4.swift in Sources */,
				ACB0611E2A72386300D31CCF /* ContentView.swift in Sources */,
				ACB061452A723C3500D31CCF /* BasicInteractionView.swift in Sources */,
				ACB061372A72392200D31CCF /* MainView.swift in Sources */,
				1AF161A12A739EB900923F2F /* Extension+Font.swift in Sources */,
				1AF161BF2A73A86E00923F2F /* TemplateCrumpleView2.swift in Sources */,
				ACB0611C2A72386300D31CCF /* ShoongApp.swift in Sources */,
			);
			runOnlyForDeploymentPostprocessing = 0;
		};
/* End PBXSourcesBuildPhase section */

/* Begin XCBuildConfiguration section */
		ACB061242A72386400D31CCF /* Debug */ = {
			isa = XCBuildConfiguration;
			buildSettings = {
				ALWAYS_SEARCH_USER_PATHS = NO;
				CLANG_ANALYZER_NONNULL = YES;
				CLANG_ANALYZER_NUMBER_OBJECT_CONVERSION = YES_AGGRESSIVE;
				CLANG_CXX_LANGUAGE_STANDARD = "gnu++20";
				CLANG_ENABLE_MODULES = YES;
				CLANG_ENABLE_OBJC_ARC = YES;
				CLANG_ENABLE_OBJC_WEAK = YES;
				CLANG_WARN_BLOCK_CAPTURE_AUTORELEASING = YES;
				CLANG_WARN_BOOL_CONVERSION = YES;
				CLANG_WARN_COMMA = YES;
				CLANG_WARN_CONSTANT_CONVERSION = YES;
				CLANG_WARN_DEPRECATED_OBJC_IMPLEMENTATIONS = YES;
				CLANG_WARN_DIRECT_OBJC_ISA_USAGE = YES_ERROR;
				CLANG_WARN_DOCUMENTATION_COMMENTS = YES;
				CLANG_WARN_EMPTY_BODY = YES;
				CLANG_WARN_ENUM_CONVERSION = YES;
				CLANG_WARN_INFINITE_RECURSION = YES;
				CLANG_WARN_INT_CONVERSION = YES;
				CLANG_WARN_NON_LITERAL_NULL_CONVERSION = YES;
				CLANG_WARN_OBJC_IMPLICIT_RETAIN_SELF = YES;
				CLANG_WARN_OBJC_LITERAL_CONVERSION = YES;
				CLANG_WARN_OBJC_ROOT_CLASS = YES_ERROR;
				CLANG_WARN_QUOTED_INCLUDE_IN_FRAMEWORK_HEADER = YES;
				CLANG_WARN_RANGE_LOOP_ANALYSIS = YES;
				CLANG_WARN_STRICT_PROTOTYPES = YES;
				CLANG_WARN_SUSPICIOUS_MOVE = YES;
				CLANG_WARN_UNGUARDED_AVAILABILITY = YES_AGGRESSIVE;
				CLANG_WARN_UNREACHABLE_CODE = YES;
				CLANG_WARN__DUPLICATE_METHOD_MATCH = YES;
				COPY_PHASE_STRIP = NO;
				DEBUG_INFORMATION_FORMAT = dwarf;
				ENABLE_STRICT_OBJC_MSGSEND = YES;
				ENABLE_TESTABILITY = YES;
				GCC_C_LANGUAGE_STANDARD = gnu11;
				GCC_DYNAMIC_NO_PIC = NO;
				GCC_NO_COMMON_BLOCKS = YES;
				GCC_OPTIMIZATION_LEVEL = 0;
				GCC_PREPROCESSOR_DEFINITIONS = (
					"DEBUG=1",
					"$(inherited)",
				);
				GCC_WARN_64_TO_32_BIT_CONVERSION = YES;
				GCC_WARN_ABOUT_RETURN_TYPE = YES_ERROR;
				GCC_WARN_UNDECLARED_SELECTOR = YES;
				GCC_WARN_UNINITIALIZED_AUTOS = YES_AGGRESSIVE;
				GCC_WARN_UNUSED_FUNCTION = YES;
				GCC_WARN_UNUSED_VARIABLE = YES;
				IPHONEOS_DEPLOYMENT_TARGET = 16.4;
				MTL_ENABLE_DEBUG_INFO = INCLUDE_SOURCE;
				MTL_FAST_MATH = YES;
				ONLY_ACTIVE_ARCH = YES;
				SDKROOT = iphoneos;
				SWIFT_ACTIVE_COMPILATION_CONDITIONS = DEBUG;
				SWIFT_OPTIMIZATION_LEVEL = "-Onone";
			};
			name = Debug;
		};
		ACB061252A72386400D31CCF /* Release */ = {
			isa = XCBuildConfiguration;
			buildSettings = {
				ALWAYS_SEARCH_USER_PATHS = NO;
				CLANG_ANALYZER_NONNULL = YES;
				CLANG_ANALYZER_NUMBER_OBJECT_CONVERSION = YES_AGGRESSIVE;
				CLANG_CXX_LANGUAGE_STANDARD = "gnu++20";
				CLANG_ENABLE_MODULES = YES;
				CLANG_ENABLE_OBJC_ARC = YES;
				CLANG_ENABLE_OBJC_WEAK = YES;
				CLANG_WARN_BLOCK_CAPTURE_AUTORELEASING = YES;
				CLANG_WARN_BOOL_CONVERSION = YES;
				CLANG_WARN_COMMA = YES;
				CLANG_WARN_CONSTANT_CONVERSION = YES;
				CLANG_WARN_DEPRECATED_OBJC_IMPLEMENTATIONS = YES;
				CLANG_WARN_DIRECT_OBJC_ISA_USAGE = YES_ERROR;
				CLANG_WARN_DOCUMENTATION_COMMENTS = YES;
				CLANG_WARN_EMPTY_BODY = YES;
				CLANG_WARN_ENUM_CONVERSION = YES;
				CLANG_WARN_INFINITE_RECURSION = YES;
				CLANG_WARN_INT_CONVERSION = YES;
				CLANG_WARN_NON_LITERAL_NULL_CONVERSION = YES;
				CLANG_WARN_OBJC_IMPLICIT_RETAIN_SELF = YES;
				CLANG_WARN_OBJC_LITERAL_CONVERSION = YES;
				CLANG_WARN_OBJC_ROOT_CLASS = YES_ERROR;
				CLANG_WARN_QUOTED_INCLUDE_IN_FRAMEWORK_HEADER = YES;
				CLANG_WARN_RANGE_LOOP_ANALYSIS = YES;
				CLANG_WARN_STRICT_PROTOTYPES = YES;
				CLANG_WARN_SUSPICIOUS_MOVE = YES;
				CLANG_WARN_UNGUARDED_AVAILABILITY = YES_AGGRESSIVE;
				CLANG_WARN_UNREACHABLE_CODE = YES;
				CLANG_WARN__DUPLICATE_METHOD_MATCH = YES;
				COPY_PHASE_STRIP = NO;
				DEBUG_INFORMATION_FORMAT = "dwarf-with-dsym";
				ENABLE_NS_ASSERTIONS = NO;
				ENABLE_STRICT_OBJC_MSGSEND = YES;
				GCC_C_LANGUAGE_STANDARD = gnu11;
				GCC_NO_COMMON_BLOCKS = YES;
				GCC_WARN_64_TO_32_BIT_CONVERSION = YES;
				GCC_WARN_ABOUT_RETURN_TYPE = YES_ERROR;
				GCC_WARN_UNDECLARED_SELECTOR = YES;
				GCC_WARN_UNINITIALIZED_AUTOS = YES_AGGRESSIVE;
				GCC_WARN_UNUSED_FUNCTION = YES;
				GCC_WARN_UNUSED_VARIABLE = YES;
				IPHONEOS_DEPLOYMENT_TARGET = 16.4;
				MTL_ENABLE_DEBUG_INFO = NO;
				MTL_FAST_MATH = YES;
				SDKROOT = iphoneos;
				SWIFT_COMPILATION_MODE = wholemodule;
				SWIFT_OPTIMIZATION_LEVEL = "-O";
				VALIDATE_PRODUCT = YES;
			};
			name = Release;
		};
		ACB061272A72386400D31CCF /* Debug */ = {
			isa = XCBuildConfiguration;
			buildSettings = {
				ASSETCATALOG_COMPILER_APPICON_NAME = AppIcon;
				ASSETCATALOG_COMPILER_GLOBAL_ACCENT_COLOR_NAME = AccentColor;
				CODE_SIGN_STYLE = Automatic;
				CURRENT_PROJECT_VERSION = 1;
				DEVELOPMENT_ASSET_PATHS = "\"Shoong/Preview Content\"";
				DEVELOPMENT_TEAM = Q83JD2ZC9T;
				ENABLE_PREVIEWS = YES;
				GENERATE_INFOPLIST_FILE = YES;
				INFOPLIST_FILE = Shoong/Info.plist;
				INFOPLIST_KEY_UIApplicationSceneManifest_Generation = YES;
				INFOPLIST_KEY_UIApplicationSupportsIndirectInputEvents = YES;
				INFOPLIST_KEY_UILaunchScreen_Generation = YES;
				INFOPLIST_KEY_UISupportedInterfaceOrientations_iPad = "UIInterfaceOrientationPortrait UIInterfaceOrientationPortraitUpsideDown UIInterfaceOrientationLandscapeLeft UIInterfaceOrientationLandscapeRight";
				INFOPLIST_KEY_UISupportedInterfaceOrientations_iPhone = "UIInterfaceOrientationPortrait UIInterfaceOrientationLandscapeLeft UIInterfaceOrientationLandscapeRight";
				LD_RUNPATH_SEARCH_PATHS = (
					"$(inherited)",
					"@executable_path/Frameworks",
				);
				MARKETING_VERSION = 1.0;
				PRODUCT_BUNDLE_IDENTIFIER = com.KyungsupGo.Shoong;
				PRODUCT_NAME = "$(TARGET_NAME)";
				SWIFT_EMIT_LOC_STRINGS = YES;
				SWIFT_VERSION = 5.0;
				TARGETED_DEVICE_FAMILY = "1,2";
			};
			name = Debug;
		};
		ACB061282A72386400D31CCF /* Release */ = {
			isa = XCBuildConfiguration;
			buildSettings = {
				ASSETCATALOG_COMPILER_APPICON_NAME = AppIcon;
				ASSETCATALOG_COMPILER_GLOBAL_ACCENT_COLOR_NAME = AccentColor;
				CODE_SIGN_STYLE = Automatic;
				CURRENT_PROJECT_VERSION = 1;
				DEVELOPMENT_ASSET_PATHS = "\"Shoong/Preview Content\"";
				DEVELOPMENT_TEAM = Q83JD2ZC9T;
				ENABLE_PREVIEWS = YES;
				GENERATE_INFOPLIST_FILE = YES;
				INFOPLIST_FILE = Shoong/Info.plist;
				INFOPLIST_KEY_UIApplicationSceneManifest_Generation = YES;
				INFOPLIST_KEY_UIApplicationSupportsIndirectInputEvents = YES;
				INFOPLIST_KEY_UILaunchScreen_Generation = YES;
				INFOPLIST_KEY_UISupportedInterfaceOrientations_iPad = "UIInterfaceOrientationPortrait UIInterfaceOrientationPortraitUpsideDown UIInterfaceOrientationLandscapeLeft UIInterfaceOrientationLandscapeRight";
				INFOPLIST_KEY_UISupportedInterfaceOrientations_iPhone = "UIInterfaceOrientationPortrait UIInterfaceOrientationLandscapeLeft UIInterfaceOrientationLandscapeRight";
				LD_RUNPATH_SEARCH_PATHS = (
					"$(inherited)",
					"@executable_path/Frameworks",
				);
				MARKETING_VERSION = 1.0;
				PRODUCT_BUNDLE_IDENTIFIER = com.KyungsupGo.Shoong;
				PRODUCT_NAME = "$(TARGET_NAME)";
				SWIFT_EMIT_LOC_STRINGS = YES;
				SWIFT_VERSION = 5.0;
				TARGETED_DEVICE_FAMILY = "1,2";
			};
			name = Release;
		};
/* End XCBuildConfiguration section */

/* Begin XCConfigurationList section */
		ACB061132A72386300D31CCF /* Build configuration list for PBXProject "Shoong" */ = {
			isa = XCConfigurationList;
			buildConfigurations = (
				ACB061242A72386400D31CCF /* Debug */,
				ACB061252A72386400D31CCF /* Release */,
			);
			defaultConfigurationIsVisible = 0;
			defaultConfigurationName = Release;
		};
		ACB061262A72386400D31CCF /* Build configuration list for PBXNativeTarget "Shoong" */ = {
			isa = XCConfigurationList;
			buildConfigurations = (
				ACB061272A72386400D31CCF /* Debug */,
				ACB061282A72386400D31CCF /* Release */,
			);
			defaultConfigurationIsVisible = 0;
			defaultConfigurationName = Release;
		};
/* End XCConfigurationList section */
	};
	rootObject = ACB061102A72386300D31CCF /* Project object */;
}
